
Microsoft Visual Studio Solution File, Format Version 12.00
# Visual Studio Version 16
VisualStudioVersion = 16.0.31911.196
MinimumVisualStudioVersion = 10.0.40219.1
Project("{FAE04EC0-301F-11D3-BF4B-00C04F79EFBC}") = "CourseProjectTRPO", "CourseProjectTRPO\CourseProjectTRPO.csproj", "{4A7623B1-1640-4F54-9CE9-062D7E3BCBE7}"
EndProject
Global
	GlobalSection(SolutionConfigurationPlatforms) = preSolution
		Debug|Any CPU = Debug|Any CPU
		Release|Any CPU = Release|Any CPU
	EndGlobalSection
	GlobalSection(ProjectConfigurationPlatforms) = postSolution
		{4A7623B1-1640-4F54-9CE9-062D7E3BCBE7}.Debug|Any CPU.ActiveCfg = Debug|Any CPU
		{4A7623B1-1640-4F54-9CE9-062D7E3BCBE7}.Debug|Any CPU.Build.0 = Debug|Any CPU
		{4A7623B1-1640-4F54-9CE9-062D7E3BCBE7}.Release|Any CPU.ActiveCfg = Release|Any CPU
		{4A7623B1-1640-4F54-9CE9-062D7E3BCBE7}.Release|Any CPU.Build.0 = Release|Any CPU
	EndGlobalSection
	GlobalSection(SolutionProperties) = preSolution
		HideSolutionNode = FALSE
	EndGlobalSection
	GlobalSection(ExtensibilityGlobals) = postSolution
		SolutionGuid = {55BA6F28-6689-4894-AFF1-21BC0265F524}
	EndGlobalSection
EndGlobal
